// !$*UTF8*$!
{
	archiveVersion = 1;
	classes = {
	};
	objectVersion = 46;
	objects = {

/* Begin PBXBuildFile section */
		2AC3AB431D10DF2A00287DFA /* main.m in Sources */ = {isa = PBXBuildFile; fileRef = 2AC3AB421D10DF2A00287DFA /* main.m */; };
		2AC3AB461D10DF2A00287DFA /* AppDelegate.m in Sources */ = {isa = PBXBuildFile; fileRef = 2AC3AB451D10DF2A00287DFA /* AppDelegate.m */; };
		2AC3AB491D10DF2A00287DFA /* ViewController.m in Sources */ = {isa = PBXBuildFile; fileRef = 2AC3AB481D10DF2A00287DFA /* ViewController.m */; };
		2AC3AB4C1D10DF2A00287DFA /* Main.storyboard in Resources */ = {isa = PBXBuildFile; fileRef = 2AC3AB4A1D10DF2A00287DFA /* Main.storyboard */; };
		2AC3AB4E1D10DF2A00287DFA /* Assets.xcassets in Resources */ = {isa = PBXBuildFile; fileRef = 2AC3AB4D1D10DF2A00287DFA /* Assets.xcassets */; };
		2AC3AB511D10DF2A00287DFA /* LaunchScreen.storyboard in Resources */ = {isa = PBXBuildFile; fileRef = 2AC3AB4F1D10DF2A00287DFA /* LaunchScreen.storyboard */; };
		2AC3AB5A1D10DF8F00287DFA /* LLQImageView.m in Sources */ = {isa = PBXBuildFile; fileRef = 2AC3AB591D10DF8F00287DFA /* LLQImageView.m */; };
		2AC3AB681D10ED2800287DFA /* SDImageCache.m in Sources */ = {isa = PBXBuildFile; fileRef = 2AC3AB5D1D10ED2800287DFA /* SDImageCache.m */; settings = {COMPILER_FLAGS = "-fno-objc-arc"; }; };
		2AC3AB691D10ED2800287DFA /* SDWebImageDownloader.m in Sources */ = {isa = PBXBuildFile; fileRef = 2AC3AB611D10ED2800287DFA /* SDWebImageDownloader.m */; settings = {COMPILER_FLAGS = "-fno-objc-arc"; }; };
		2AC3AB6A1D10ED2800287DFA /* SDWebImageManager.m in Sources */ = {isa = PBXBuildFile; fileRef = 2AC3AB641D10ED2800287DFA /* SDWebImageManager.m */; settings = {COMPILER_FLAGS = "-fno-objc-arc"; }; };
		2AC3AB6B1D10ED2800287DFA /* UIImageView+WebCache.m in Sources */ = {isa = PBXBuildFile; fileRef = 2AC3AB671D10ED2800287DFA /* UIImageView+WebCache.m */; settings = {COMPILER_FLAGS = "-fno-objc-arc"; }; };
		2AC3AB6E1D10F1F500287DFA /* LLQImageViewController.m in Sources */ = {isa = PBXBuildFile; fileRef = 2AC3AB6D1D10F1F500287DFA /* LLQImageViewController.m */; };
		2AC3AB711D10F2FC00287DFA /* UIView+ViewController.m in Sources */ = {isa = PBXBuildFile; fileRef = 2AC3AB701D10F2FC00287DFA /* UIView+ViewController.m */; };
/* End PBXBuildFile section */

/* Begin PBXFileReference section */
		2AC3AB3E1D10DF2A00287DFA /* LLQImageView.app */ = {isa = PBXFileReference; explicitFileType = wrapper.application; includeInIndex = 0; path = LLQImageView.app; sourceTree = BUILT_PRODUCTS_DIR; };
		2AC3AB421D10DF2A00287DFA /* main.m */ = {isa = PBXFileReference; lastKnownFileType = sourcecode.c.objc; path = main.m; sourceTree = "<group>"; };
		2AC3AB441D10DF2A00287DFA /* AppDelegate.h */ = {isa = PBXFileReference; lastKnownFileType = sourcecode.c.h; path = AppDelegate.h; sourceTree = "<group>"; };
		2AC3AB451D10DF2A00287DFA /* AppDelegate.m */ = {isa = PBXFileReference; lastKnownFileType = sourcecode.c.objc; path = AppDelegate.m; sourceTree = "<group>"; };
		2AC3AB471D10DF2A00287DFA /* ViewController.h */ = {isa = PBXFileReference; lastKnownFileType = sourcecode.c.h; path = ViewController.h; sourceTree = "<group>"; };
		2AC3AB481D10DF2A00287DFA /* ViewController.m */ = {isa = PBXFileReference; lastKnownFileType = sourcecode.c.objc; path = ViewController.m; sourceTree = "<group>"; };
		2AC3AB4B1D10DF2A00287DFA /* Base */ = {isa = PBXFileReference; lastKnownFileType = file.storyboard; name = Base; path = Base.lproj/Main.storyboard; sourceTree = "<group>"; };
		2AC3AB4D1D10DF2A00287DFA /* Assets.xcassets */ = {isa = PBXFileReference; lastKnownFileType = folder.assetcatalog; path = Assets.xcassets; sourceTree = "<group>"; };
		2AC3AB501D10DF2A00287DFA /* Base */ = {isa = PBXFileReference; lastKnownFileType = file.storyboard; name = Base; path = Base.lproj/LaunchScreen.storyboard; sourceTree = "<group>"; };
		2AC3AB521D10DF2A00287DFA /* Info.plist */ = {isa = PBXFileReference; lastKnownFileType = text.plist.xml; path = Info.plist; sourceTree = "<group>"; };
		2AC3AB581D10DF8F00287DFA /* LLQImageView.h */ = {isa = PBXFileReference; fileEncoding = 4; lastKnownFileType = sourcecode.c.h; path = LLQImageView.h; sourceTree = "<group>"; };
		2AC3AB591D10DF8F00287DFA /* LLQImageView.m */ = {isa = PBXFileReference; fileEncoding = 4; lastKnownFileType = sourcecode.c.objc; path = LLQImageView.m; sourceTree = "<group>"; };
		2AC3AB5C1D10ED2800287DFA /* SDImageCache.h */ = {isa = PBXFileReference; fileEncoding = 4; lastKnownFileType = sourcecode.c.h; path = SDImageCache.h; sourceTree = "<group>"; };
		2AC3AB5D1D10ED2800287DFA /* SDImageCache.m */ = {isa = PBXFileReference; fileEncoding = 4; lastKnownFileType = sourcecode.c.objc; path = SDImageCache.m; sourceTree = "<group>"; };
		2AC3AB5E1D10ED2800287DFA /* SDImageCacheDelegate.h */ = {isa = PBXFileReference; fileEncoding = 4; lastKnownFileType = sourcecode.c.h; path = SDImageCacheDelegate.h; sourceTree = "<group>"; };
		2AC3AB5F1D10ED2800287DFA /* SDWebImageCompat.h */ = {isa = PBXFileReference; fileEncoding = 4; lastKnownFileType = sourcecode.c.h; path = SDWebImageCompat.h; sourceTree = "<group>"; };
		2AC3AB601D10ED2800287DFA /* SDWebImageDownloader.h */ = {isa = PBXFileReference; fileEncoding = 4; lastKnownFileType = sourcecode.c.h; path = SDWebImageDownloader.h; sourceTree = "<group>"; };
		2AC3AB611D10ED2800287DFA /* SDWebImageDownloader.m */ = {isa = PBXFileReference; fileEncoding = 4; lastKnownFileType = sourcecode.c.objc; path = SDWebImageDownloader.m; sourceTree = "<group>"; };
		2AC3AB621D10ED2800287DFA /* SDWebImageDownloaderDelegate.h */ = {isa = PBXFileReference; fileEncoding = 4; lastKnownFileType = sourcecode.c.h; path = SDWebImageDownloaderDelegate.h; sourceTree = "<group>"; };
		2AC3AB631D10ED2800287DFA /* SDWebImageManager.h */ = {isa = PBXFileReference; fileEncoding = 4; lastKnownFileType = sourcecode.c.h; path = SDWebImageManager.h; sourceTree = "<group>"; };
		2AC3AB641D10ED2800287DFA /* SDWebImageManager.m */ = {isa = PBXFileReference; fileEncoding = 4; lastKnownFileType = sourcecode.c.objc; path = SDWebImageManager.m; sourceTree = "<group>"; };
		2AC3AB651D10ED2800287DFA /* SDWebImageManagerDelegate.h */ = {isa = PBXFileReference; fileEncoding = 4; lastKnownFileType = sourcecode.c.h; path = SDWebImageManagerDelegate.h; sourceTree = "<group>"; };
		2AC3AB661D10ED2800287DFA /* UIImageView+WebCache.h */ = {isa = PBXFileReference; fileEncoding = 4; lastKnownFileType = sourcecode.c.h; path = "UIImageView+WebCache.h"; sourceTree = "<group>"; };
		2AC3AB671D10ED2800287DFA /* UIImageView+WebCache.m */ = {isa = PBXFileReference; fileEncoding = 4; lastKnownFileType = sourcecode.c.objc; path = "UIImageView+WebCache.m"; sourceTree = "<group>"; };
		2AC3AB6C1D10F1F500287DFA /* LLQImageViewController.h */ = {isa = PBXFileReference; fileEncoding = 4; lastKnownFileType = sourcecode.c.h; path = LLQImageViewController.h; sourceTree = "<group>"; };
		2AC3AB6D1D10F1F500287DFA /* LLQImageViewController.m */ = {isa = PBXFileReference; fileEncoding = 4; lastKnownFileType = sourcecode.c.objc; path = LLQImageViewController.m; sourceTree = "<group>"; };
		2AC3AB6F1D10F2FC00287DFA /* UIView+ViewController.h */ = {isa = PBXFileReference; fileEncoding = 4; lastKnownFileType = sourcecode.c.h; path = "UIView+ViewController.h"; sourceTree = "<group>"; };
		2AC3AB701D10F2FC00287DFA /* UIView+ViewController.m */ = {isa = PBXFileReference; fileEncoding = 4; lastKnownFileType = sourcecode.c.objc; path = "UIView+ViewController.m"; sourceTree = "<group>"; };
/* End PBXFileReference section */

/* Begin PBXFrameworksBuildPhase section */
		2AC3AB3B1D10DF2A00287DFA /* Frameworks */ = {
			isa = PBXFrameworksBuildPhase;
			buildActionMask = 2147483647;
			files = (
			);
			runOnlyForDeploymentPostprocessing = 0;
		};
/* End PBXFrameworksBuildPhase section */

/* Begin PBXGroup section */
		2AC3AB351D10DF2A00287DFA = {
			isa = PBXGroup;
			children = (
				2AC3AB401D10DF2A00287DFA /* LLQImageView */,
				2AC3AB3F1D10DF2A00287DFA /* Products */,
			);
			sourceTree = "<group>";
		};
		2AC3AB3F1D10DF2A00287DFA /* Products */ = {
			isa = PBXGroup;
			children = (
				2AC3AB3E1D10DF2A00287DFA /* LLQImageView.app */,
			);
			name = Products;
			sourceTree = "<group>";
		};
		2AC3AB401D10DF2A00287DFA /* LLQImageView */ = {
			isa = PBXGroup;
			children = (
				2AC3AB5B1D10ED2800287DFA /* SDWebImage */,
				2AC3AB441D10DF2A00287DFA /* AppDelegate.h */,
				2AC3AB451D10DF2A00287DFA /* AppDelegate.m */,
				2AC3AB6F1D10F2FC00287DFA /* UIView+ViewController.h */,
				2AC3AB701D10F2FC00287DFA /* UIView+ViewController.m */,
				2AC3AB471D10DF2A00287DFA /* ViewController.h */,
				2AC3AB481D10DF2A00287DFA /* ViewController.m */,
				2AC3AB581D10DF8F00287DFA /* LLQImageView.h */,
				2AC3AB591D10DF8F00287DFA /* LLQImageView.m */,
				2AC3AB6C1D10F1F500287DFA /* LLQImageViewController.h */,
				2AC3AB6D1D10F1F500287DFA /* LLQImageViewController.m */,
				2AC3AB4A1D10DF2A00287DFA /* Main.storyboard */,
				2AC3AB4D1D10DF2A00287DFA /* Assets.xcassets */,
				2AC3AB4F1D10DF2A00287DFA /* LaunchScreen.storyboard */,
				2AC3AB521D10DF2A00287DFA /* Info.plist */,
				2AC3AB411D10DF2A00287DFA /* Supporting Files */,
			);
			path = LLQImageView;
			sourceTree = "<group>";
		};
		2AC3AB411D10DF2A00287DFA /* Supporting Files */ = {
			isa = PBXGroup;
			children = (
				2AC3AB421D10DF2A00287DFA /* main.m */,
			);
			name = "Supporting Files";
			sourceTree = "<group>";
		};
		2AC3AB5B1D10ED2800287DFA /* SDWebImage */ = {
			isa = PBXGroup;
			children = (
				2AC3AB5C1D10ED2800287DFA /* SDImageCache.h */,
				2AC3AB5D1D10ED2800287DFA /* SDImageCache.m */,
				2AC3AB5E1D10ED2800287DFA /* SDImageCacheDelegate.h */,
				2AC3AB5F1D10ED2800287DFA /* SDWebImageCompat.h */,
				2AC3AB601D10ED2800287DFA /* SDWebImageDownloader.h */,
				2AC3AB611D10ED2800287DFA /* SDWebImageDownloader.m */,
				2AC3AB621D10ED2800287DFA /* SDWebImageDownloaderDelegate.h */,
				2AC3AB631D10ED2800287DFA /* SDWebImageManager.h */,
				2AC3AB641D10ED2800287DFA /* SDWebImageManager.m */,
				2AC3AB651D10ED2800287DFA /* SDWebImageManagerDelegate.h */,
				2AC3AB661D10ED2800287DFA /* UIImageView+WebCache.h */,
				2AC3AB671D10ED2800287DFA /* UIImageView+WebCache.m */,
			);
			path = SDWebImage;
			sourceTree = "<group>";
		};
/* End PBXGroup section */

/* Begin PBXNativeTarget section */
		2AC3AB3D1D10DF2A00287DFA /* LLQImageView */ = {
			isa = PBXNativeTarget;
			buildConfigurationList = 2AC3AB551D10DF2A00287DFA /* Build configuration list for PBXNativeTarget "LLQImageView" */;
			buildPhases = (
				2AC3AB3A1D10DF2A00287DFA /* Sources */,
				2AC3AB3B1D10DF2A00287DFA /* Frameworks */,
				2AC3AB3C1D10DF2A00287DFA /* Resources */,
			);
			buildRules = (
			);
			dependencies = (
			);
			name = LLQImageView;
			productName = LLQImageView;
			productReference = 2AC3AB3E1D10DF2A00287DFA /* LLQImageView.app */;
			productType = "com.apple.product-type.application";
		};
/* End PBXNativeTarget section */

/* Begin PBXProject section */
		2AC3AB361D10DF2A00287DFA /* Project object */ = {
			isa = PBXProject;
			attributes = {
				LastUpgradeCheck = 0720;
				ORGANIZATIONNAME = LLQ;
				TargetAttributes = {
					2AC3AB3D1D10DF2A00287DFA = {
						CreatedOnToolsVersion = 7.2.1;
						DevelopmentTeam = GXJMB867PL;
					};
				};
			};
			buildConfigurationList = 2AC3AB391D10DF2A00287DFA /* Build configuration list for PBXProject "LLQImageView" */;
			compatibilityVersion = "Xcode 3.2";
			developmentRegion = English;
			hasScannedForEncodings = 0;
			knownRegions = (
				en,
				Base,
			);
			mainGroup = 2AC3AB351D10DF2A00287DFA;
			productRefGroup = 2AC3AB3F1D10DF2A00287DFA /* Products */;
			projectDirPath = "";
			projectRoot = "";
			targets = (
				2AC3AB3D1D10DF2A00287DFA /* LLQImageView */,
			);
		};
/* End PBXProject section */

/* Begin PBXResourcesBuildPhase section */
		2AC3AB3C1D10DF2A00287DFA /* Resources */ = {
			isa = PBXResourcesBuildPhase;
			buildActionMask = 2147483647;
			files = (
				2AC3AB511D10DF2A00287DFA /* LaunchScreen.storyboard in Resources */,
				2AC3AB4E1D10DF2A00287DFA /* Assets.xcassets in Resources */,
				2AC3AB4C1D10DF2A00287DFA /* Main.storyboard in Resources */,
			);
			runOnlyForDeploymentPostprocessing = 0;
		};
/* End PBXResourcesBuildPhase section */

/* Begin PBXSourcesBuildPhase section */
		2AC3AB3A1D10DF2A00287DFA /* Sources */ = {
			isa = PBXSourcesBuildPhase;
			buildActionMask = 2147483647;
			files = (
				2AC3AB5A1D10DF8F00287DFA /* LLQImageView.m in Sources */,
				2AC3AB6A1D10ED2800287DFA /* SDWebImageManager.m in Sources */,
				2AC3AB6B1D10ED2800287DFA /* UIImageView+WebCache.m in Sources */,
				2AC3AB711D10F2FC00287DFA /* UIView+ViewController.m in Sources */,
				2AC3AB491D10DF2A00287DFA /* ViewController.m in Sources */,
				2AC3AB6E1D10F1F500287DFA /* LLQImageViewController.m in Sources */,
				2AC3AB461D10DF2A00287DFA /* AppDelegate.m in Sources */,
				2AC3AB431D10DF2A00287DFA /* main.m in Sources */,
				2AC3AB691D10ED2800287DFA /* SDWebImageDownloader.m in Sources */,
				2AC3AB681D10ED2800287DFA /* SDImageCache.m in Sources */,
			);
			runOnlyForDeploymentPostprocessing = 0;
		};
/* End PBXSourcesBuildPhase section */

/* Begin PBXVariantGroup section */
		2AC3AB4A1D10DF2A00287DFA /* Main.storyboard */ = {
			isa = PBXVariantGroup;
			children = (
				2AC3AB4B1D10DF2A00287DFA /* Base */,
			);
			name = Main.storyboard;
			sourceTree = "<group>";
		};
		2AC3AB4F1D10DF2A00287DFA /* LaunchScreen.storyboard */ = {
			isa = PBXVariantGroup;
			children = (
				2AC3AB501D10DF2A00287DFA /* Base */,
			);
			name = LaunchScreen.storyboard;
			sourceTree = "<group>";
		};
/* End PBXVariantGroup section */

/* Begin XCBuildConfiguration section */
		2AC3AB531D10DF2A00287DFA /* Debug */ = {
			isa = XCBuildConfiguration;
			buildSettings = {
				ALWAYS_SEARCH_USER_PATHS = NO;
				CLANG_CXX_LANGUAGE_STANDARD = "gnu++0x";
				CLANG_CXX_LIBRARY = "libc++";
				CLANG_ENABLE_MODULES = YES;
				CLANG_ENABLE_OBJC_ARC = YES;
				CLANG_WARN_BOOL_CONVERSION = YES;
				CLANG_WARN_CONSTANT_CONVERSION = YES;
				CLANG_WARN_DIRECT_OBJC_ISA_USAGE = YES_ERROR;
				CLANG_WARN_EMPTY_BODY = YES;
				CLANG_WARN_ENUM_CONVERSION = YES;
				CLANG_WARN_INT_CONVERSION = YES;
				CLANG_WARN_OBJC_ROOT_CLASS = YES_ERROR;
				CLANG_WARN_UNREACHABLE_CODE = YES;
				CLANG_WARN__DUPLICATE_METHOD_MATCH = YES;
				"CODE_SIGN_IDENTITY[sdk=iphoneos*]" = "iPhone Developer";
				COPY_PHASE_STRIP = NO;
				DEBUG_INFORMATION_FORMAT = dwarf;
				ENABLE_STRICT_OBJC_MSGSEND = YES;
				ENABLE_TESTABILITY = YES;
				GCC_C_LANGUAGE_STANDARD = gnu99;
				GCC_DYNAMIC_NO_PIC = NO;
				GCC_NO_COMMON_BLOCKS = YES;
				GCC_OPTIMIZATION_LEVEL = 0;
				GCC_PREPROCESSOR_DEFINITIONS = (
					"DEBUG=1",
					"$(inherited)",
				);
				GCC_WARN_64_TO_32_BIT_CONVERSION = YES;
				GCC_WARN_ABOUT_RETURN_TYPE = YES_ERROR;
				GCC_WARN_UNDECLARED_SELECTOR = YES;
				GCC_WARN_UNINITIALIZED_AUTOS = YES_AGGRESSIVE;
				GCC_WARN_UNUSED_FUNCTION = YES;
				GCC_WARN_UNUSED_VARIABLE = YES;
				IPHONEOS_DEPLOYMENT_TARGET = 9.2;
				MTL_ENABLE_DEBUG_INFO = YES;
				ONLY_ACTIVE_ARCH = YES;
				SDKROOT = iphoneos;
				TARGETED_DEVICE_FAMILY = "1,2";
			};
			name = Debug;
		};
		2AC3AB541D10DF2A00287DFA /* Release */ = {
			isa = XCBuildConfiguration;
			buildSettings = {
				ALWAYS_SEARCH_USER_PATHS = NO;
				CLANG_CXX_LANGUAGE_STANDARD = "gnu++0x";
				CLANG_CXX_LIBRARY = "libc++";
				CLANG_ENABLE_MODULES = YES;
				CLANG_ENABLE_OBJC_ARC = YES;
				CLANG_WARN_BOOL_CONVERSION = YES;
				CLANG_WARN_CONSTANT_CONVERSION = YES;
				CLANG_WARN_DIRECT_OBJC_ISA_USAGE = YES_ERROR;
				CLANG_WARN_EMPTY_BODY = YES;
				CLANG_WARN_ENUM_CONVERSION = YES;
				CLANG_WARN_INT_CONVERSION = YES;
				CLANG_WARN_OBJC_ROOT_CLASS = YES_ERROR;
				CLANG_WARN_UNREACHABLE_CODE = YES;
				CLANG_WARN__DUPLICATE_METHOD_MATCH = YES;
				"CODE_SIGN_IDENTITY[sdk=iphoneos*]" = "iPhone Developer";
				COPY_PHASE_STRIP = NO;
				DEBUG_INFORMATION_FORMAT = "dwarf-with-dsym";
				ENABLE_NS_ASSERTIONS = NO;
				ENABLE_STRICT_OBJC_MSGSEND = YES;
				GCC_C_LANGUAGE_STANDARD = gnu99;
				GCC_NO_COMMON_BLOCKS = YES;
				GCC_WARN_64_TO_32_BIT_CONVERSION = YES;
				GCC_WARN_ABOUT_RETURN_TYPE = YES_ERROR;
				GCC_WARN_UNDECLARED_SELECTOR = YES;
				GCC_WARN_UNINITIALIZED_AUTOS = YES_AGGRESSIVE;
				GCC_WARN_UNUSED_FUNCTION = YES;
				GCC_WARN_UNUSED_VARIABLE = YES;
				IPHONEOS_DEPLOYMENT_TARGET = 9.2;
				MTL_ENABLE_DEBUG_INFO = NO;
				SDKROOT = iphoneos;
				TARGETED_DEVICE_FAMILY = "1,2";
				VALIDATE_PRODUCT = YES;
			};
			name = Release;
		};
		2AC3AB561D10DF2A00287DFA /* Debug */ = {
			isa = XCBuildConfiguration;
			buildSettings = {
				ASSETCATALOG_COMPILER_APPICON_NAME = AppIcon;
				INFOPLIST_FILE = LLQImageView/Info.plist;
				LD_RUNPATH_SEARCH_PATHS = "$(inherited) @executable_path/Frameworks";
				PRODUCT_BUNDLE_IDENTIFIER = Quan.com.LLQImageView;
				PRODUCT_NAME = "$(TARGET_NAME)";
			};
			name = Debug;
		};
		2AC3AB571D10DF2A00287DFA /* Release */ = {
			isa = XCBuildConfiguration;
			buildSettings = {
				ASSETCATALOG_COMPILER_APPICON_NAME = AppIcon;
				INFOPLIST_FILE = LLQImageView/Info.plist;
				LD_RUNPATH_SEARCH_PATHS = "$(inherited) @executable_path/Frameworks";
				PRODUCT_BUNDLE_IDENTIFIER = Quan.com.LLQImageView;
				PRODUCT_NAME = "$(TARGET_NAME)";
			};
			name = Release;
		};
/* End XCBuildConfiguration section */

/* Begin XCConfigurationList section */
		2AC3AB391D10DF2A00287DFA /* Build configuration list for PBXProject "LLQImageView" */ = {
			isa = XCConfigurationList;
			buildConfigurations = (
				2AC3AB531D10DF2A00287DFA /* Debug */,
				2AC3AB541D10DF2A00287DFA /* Release */,
			);
			defaultConfigurationIsVisible = 0;
			defaultConfigurationName = Release;
		};
		2AC3AB551D10DF2A00287DFA /* Build configuration list for PBXNativeTarget "LLQImageView" */ = {
			isa = XCConfigurationList;
			buildConfigurations = (
				2AC3AB561D10DF2A00287DFA /* Debug */,
				2AC3AB571D10DF2A00287DFA /* Release */,
			);
			defaultConfigurationIsVisible = 0;
		};
/* End XCConfigurationList section */
	};
	rootObject = 2AC3AB361D10DF2A00287DFA /* Project object */;
}
